
Microsoft Visual Studio Solution File, Format Version 12.00
# Visual Studio Version 17
VisualStudioVersion = 17.0.31903.59
MinimumVisualStudioVersion = 10.0.40219.1
Project("{2150E333-8FDC-42A3-9474-1A3956D46DE8}") = "src", "src", "{827E0CD3-B72D-47B6-A68D-7590B98EB39B}"
EndProject
Project("{2150E333-8FDC-42A3-9474-1A3956D46DE8}") = "Api", "Api", "{81034408-37C8-1011-444E-4C15C2FADA8E}"
EndProject
Project("{FAE04EC0-301F-11D3-BF4B-00C04F79EFBC}") = "ThucLuc.Api", "src\Api\ThucLuc.Api.csproj", "{8CDF89AC-5AF5-4EEA-990F-EE2C16D2CE63}"
EndProject
Project("{FAE04EC0-301F-11D3-BF4B-00C04F79EFBC}") = "ThucLuc.Application", "src\Application\ThucLuc.Application.csproj", "{9072F94C-AA96-49AE-B3B9-F63B2532ADDE}"
EndProject
Project("{FAE04EC0-301F-11D3-BF4B-00C04F79EFBC}") = "ThucLuc.Domain", "src\Domain\ThucLuc.Domain.csproj", "{69CFD398-0152-45BC-8F26-FEB1846AED60}"
EndProject
Project("{FAE04EC0-301F-11D3-BF4B-00C04F79EFBC}") = "ThucLuc.Infrastructure", "src\Infrastructure\ThucLuc.Infrastructure.csproj", "{50EB9B36-4565-4028-9AD7-6003DC59E228}"
EndProject
Project("{2150E333-8FDC-42A3-9474-1A3956D46DE8}") = "tests", "tests", "{0AB3BF05-4346-4AA6-1389-037BE0695223}"
EndProject
Project("{2150E333-8FDC-42A3-9474-1A3956D46DE8}") = "Application.Tests", "Application.Tests", "{E54C5156-A79F-F12B-3B9F-7475A4B81BB0}"
EndProject
Project("{FAE04EC0-301F-11D3-BF4B-00C04F79EFBC}") = "ThucLuc.Application.Tests", "tests\Application.Tests\ThucLuc.Application.Tests.csproj", "{AB61BD66-5290-4EAC-A897-60C6A24D1848}"
EndProject
Project("{2150E333-8FDC-42A3-9474-1A3956D46DE8}") = "Api.IntegrationTests", "Api.IntegrationTests", "{1F7D4CDE-290E-3473-D392-7D5A8F01EDEC}"
EndProject
Project("{FAE04EC0-301F-11D3-BF4B-00C04F79EFBC}") = "ThucLuc.Api.IntegrationTests", "tests\Api.IntegrationTests\ThucLuc.Api.IntegrationTests.csproj", "{E2CA9D00-3926-4A72-804F-E678308924E2}"
EndProject
Global
	GlobalSection(SolutionConfigurationPlatforms) = preSolution
		Debug|Any CPU = Debug|Any CPU
		Debug|x64 = Debug|x64
		Debug|x86 = Debug|x86
		Release|Any CPU = Release|Any CPU
		Release|x64 = Release|x64
		Release|x86 = Release|x86
	EndGlobalSection
	GlobalSection(ProjectConfigurationPlatforms) = postSolution
		{8CDF89AC-5AF5-4EEA-990F-EE2C16D2CE63}.Debug|Any CPU.ActiveCfg = Debug|Any CPU
		{8CDF89AC-5AF5-4EEA-990F-EE2C16D2CE63}.Debug|Any CPU.Build.0 = Debug|Any CPU
		{8CDF89AC-5AF5-4EEA-990F-EE2C16D2CE63}.Debug|x64.ActiveCfg = Debug|Any CPU
		{8CDF89AC-5AF5-4EEA-990F-EE2C16D2CE63}.Debug|x64.Build.0 = Debug|Any CPU
		{8CDF89AC-5AF5-4EEA-990F-EE2C16D2CE63}.Debug|x86.ActiveCfg = Debug|Any CPU
		{8CDF89AC-5AF5-4EEA-990F-EE2C16D2CE63}.Debug|x86.Build.0 = Debug|Any CPU
		{8CDF89AC-5AF5-4EEA-990F-EE2C16D2CE63}.Release|Any CPU.ActiveCfg = Release|Any CPU
		{8CDF89AC-5AF5-4EEA-990F-EE2C16D2CE63}.Release|Any CPU.Build.0 = Release|Any CPU
		{8CDF89AC-5AF5-4EEA-990F-EE2C16D2CE63}.Release|x64.ActiveCfg = Release|Any CPU
		{8CDF89AC-5AF5-4EEA-990F-EE2C16D2CE63}.Release|x64.Build.0 = Release|Any CPU
		{8CDF89AC-5AF5-4EEA-990F-EE2C16D2CE63}.Release|x86.ActiveCfg = Release|Any CPU
		{8CDF89AC-5AF5-4EEA-990F-EE2C16D2CE63}.Release|x86.Build.0 = Release|Any CPU
		{9072F94C-AA96-49AE-B3B9-F63B2532ADDE}.Debug|Any CPU.ActiveCfg = Debug|Any CPU
		{9072F94C-AA96-49AE-B3B9-F63B2532ADDE}.Debug|Any CPU.Build.0 = Debug|Any CPU
		{9072F94C-AA96-49AE-B3B9-F63B2532ADDE}.Debug|x64.ActiveCfg = Debug|Any CPU
		{9072F94C-AA96-49AE-B3B9-F63B2532ADDE}.Debug|x64.Build.0 = Debug|Any CPU
		{9072F94C-AA96-49AE-B3B9-F63B2532ADDE}.Debug|x86.ActiveCfg = Debug|Any CPU
		{9072F94C-AA96-49AE-B3B9-F63B2532ADDE}.Debug|x86.Build.0 = Debug|Any CPU
		{9072F94C-AA96-49AE-B3B9-F63B2532ADDE}.Release|Any CPU.ActiveCfg = Release|Any CPU
		{9072F94C-AA96-49AE-B3B9-F63B2532ADDE}.Release|Any CPU.Build.0 = Release|Any CPU
		{9072F94C-AA96-49AE-B3B9-F63B2532ADDE}.Release|x64.ActiveCfg = Release|Any CPU
		{9072F94C-AA96-49AE-B3B9-F63B2532ADDE}.Release|x64.Build.0 = Release|Any CPU
		{9072F94C-AA96-49AE-B3B9-F63B2532ADDE}.Release|x86.ActiveCfg = Release|Any CPU
		{9072F94C-AA96-49AE-B3B9-F63B2532ADDE}.Release|x86.Build.0 = Release|Any CPU
		{69CFD398-0152-45BC-8F26-FEB1846AED60}.Debug|Any CPU.ActiveCfg = Debug|Any CPU
		{69CFD398-0152-45BC-8F26-FEB1846AED60}.Debug|Any CPU.Build.0 = Debug|Any CPU
		{69CFD398-0152-45BC-8F26-FEB1846AED60}.Debug|x64.ActiveCfg = Debug|Any CPU
		{69CFD398-0152-45BC-8F26-FEB1846AED60}.Debug|x64.Build.0 = Debug|Any CPU
		{69CFD398-0152-45BC-8F26-FEB1846AED60}.Debug|x86.ActiveCfg = Debug|Any CPU
		{69CFD398-0152-45BC-8F26-FEB1846AED60}.Debug|x86.Build.0 = Debug|Any CPU
		{69CFD398-0152-45BC-8F26-FEB1846AED60}.Release|Any CPU.ActiveCfg = Release|Any CPU
		{69CFD398-0152-45BC-8F26-FEB1846AED60}.Release|Any CPU.Build.0 = Release|Any CPU
		{69CFD398-0152-45BC-8F26-FEB1846AED60}.Release|x64.ActiveCfg = Release|Any CPU
		{69CFD398-0152-45BC-8F26-FEB1846AED60}.Release|x64.Build.0 = Release|Any CPU
		{69CFD398-0152-45BC-8F26-FEB1846AED60}.Release|x86.ActiveCfg = Release|Any CPU
		{69CFD398-0152-45BC-8F26-FEB1846AED60}.Release|x86.Build.0 = Release|Any CPU
		{50EB9B36-4565-4028-9AD7-6003DC59E228}.Debug|Any CPU.ActiveCfg = Debug|Any CPU
		{50EB9B36-4565-4028-9AD7-6003DC59E228}.Debug|Any CPU.Build.0 = Debug|Any CPU
		{50EB9B36-4565-4028-9AD7-6003DC59E228}.Debug|x64.ActiveCfg = Debug|Any CPU
		{50EB9B36-4565-4028-9AD7-6003DC59E228}.Debug|x64.Build.0 = Debug|Any CPU
		{50EB9B36-4565-4028-9AD7-6003DC59E228}.Debug|x86.ActiveCfg = Debug|Any CPU
		{50EB9B36-4565-4028-9AD7-6003DC59E228}.Debug|x86.Build.0 = Debug|Any CPU
		{50EB9B36-4565-4028-9AD7-6003DC59E228}.Release|Any CPU.ActiveCfg = Release|Any CPU
		{50EB9B36-4565-4028-9AD7-6003DC59E228}.Release|Any CPU.Build.0 = Release|Any CPU
		{50EB9B36-4565-4028-9AD7-6003DC59E228}.Release|x64.ActiveCfg = Release|Any CPU
		{50EB9B36-4565-4028-9AD7-6003DC59E228}.Release|x64.Build.0 = Release|Any CPU
		{50EB9B36-4565-4028-9AD7-6003DC59E228}.Release|x86.ActiveCfg = Release|Any CPU
		{50EB9B36-4565-4028-9AD7-6003DC59E228}.Release|x86.Build.0 = Release|Any CPU
		{AB61BD66-5290-4EAC-A897-60C6A24D1848}.Debug|Any CPU.ActiveCfg = Debug|Any CPU
		{AB61BD66-5290-4EAC-A897-60C6A24D1848}.Debug|Any CPU.Build.0 = Debug|Any CPU
		{AB61BD66-5290-4EAC-A897-60C6A24D1848}.Debug|x64.ActiveCfg = Debug|Any CPU
		{AB61BD66-5290-4EAC-A897-60C6A24D1848}.Debug|x64.Build.0 = Debug|Any CPU
		{AB61BD66-5290-4EAC-A897-60C6A24D1848}.Debug|x86.ActiveCfg = Debug|Any CPU
		{AB61BD66-5290-4EAC-A897-60C6A24D1848}.Debug|x86.Build.0 = Debug|Any CPU
		{AB61BD66-5290-4EAC-A897-60C6A24D1848}.Release|Any CPU.ActiveCfg = Release|Any CPU
		{AB61BD66-5290-4EAC-A897-60C6A24D1848}.Release|Any CPU.Build.0 = Release|Any CPU
		{AB61BD66-5290-4EAC-A897-60C6A24D1848}.Release|x64.ActiveCfg = Release|Any CPU
		{AB61BD66-5290-4EAC-A897-60C6A24D1848}.Release|x64.Build.0 = Release|Any CPU
		{AB61BD66-5290-4EAC-A897-60C6A24D1848}.Release|x86.ActiveCfg = Release|Any CPU
		{AB61BD66-5290-4EAC-A897-60C6A24D1848}.Release|x86.Build.0 = Release|Any CPU
		{E2CA9D00-3926-4A72-804F-E678308924E2}.Debug|Any CPU.ActiveCfg = Debug|Any CPU
		{E2CA9D00-3926-4A72-804F-E678308924E2}.Debug|Any CPU.Build.0 = Debug|Any CPU
		{E2CA9D00-3926-4A72-804F-E678308924E2}.Debug|x64.ActiveCfg = Debug|Any CPU
		{E2CA9D00-3926-4A72-804F-E678308924E2}.Debug|x64.Build.0 = Debug|Any CPU
		{E2CA9D00-3926-4A72-804F-E678308924E2}.Debug|x86.ActiveCfg = Debug|Any CPU
		{E2CA9D00-3926-4A72-804F-E678308924E2}.Debug|x86.Build.0 = Debug|Any CPU
		{E2CA9D00-3926-4A72-804F-E678308924E2}.Release|Any CPU.ActiveCfg = Release|Any CPU
		{E2CA9D00-3926-4A72-804F-E678308924E2}.Release|Any CPU.Build.0 = Release|Any CPU
		{E2CA9D00-3926-4A72-804F-E678308924E2}.Release|x64.ActiveCfg = Release|Any CPU
		{E2CA9D00-3926-4A72-804F-E678308924E2}.Release|x64.Build.0 = Release|Any CPU
		{E2CA9D00-3926-4A72-804F-E678308924E2}.Release|x86.ActiveCfg = Release|Any CPU
		{E2CA9D00-3926-4A72-804F-E678308924E2}.Release|x86.Build.0 = Release|Any CPU
	EndGlobalSection
	GlobalSection(SolutionProperties) = preSolution
		HideSolutionNode = FALSE
	EndGlobalSection
	GlobalSection(NestedProjects) = preSolution
		{81034408-37C8-1011-444E-4C15C2FADA8E} = {827E0CD3-B72D-47B6-A68D-7590B98EB39B}
		{8CDF89AC-5AF5-4EEA-990F-EE2C16D2CE63} = {81034408-37C8-1011-444E-4C15C2FADA8E}
		{9072F94C-AA96-49AE-B3B9-F63B2532ADDE} = {81034408-37C8-1011-444E-4C15C2FADA8E}
		{69CFD398-0152-45BC-8F26-FEB1846AED60} = {81034408-37C8-1011-444E-4C15C2FADA8E}
		{50EB9B36-4565-4028-9AD7-6003DC59E228} = {81034408-37C8-1011-444E-4C15C2FADA8E}
		{E54C5156-A79F-F12B-3B9F-7475A4B81BB0} = {0AB3BF05-4346-4AA6-1389-037BE0695223}
		{AB61BD66-5290-4EAC-A897-60C6A24D1848} = {E54C5156-A79F-F12B-3B9F-7475A4B81BB0}
		{1F7D4CDE-290E-3473-D392-7D5A8F01EDEC} = {0AB3BF05-4346-4AA6-1389-037BE0695223}
		{E2CA9D00-3926-4A72-804F-E678308924E2} = {1F7D4CDE-290E-3473-D392-7D5A8F01EDEC}
	EndGlobalSection
EndGlobal
